// !$*UTF8*$!
{
	archiveVersion = 1;
	classes = {
	};
	objectVersion = 50;
	objects = {

/* Begin PBXBuildFile section */
		6FA515A22240B8B900BF9AB2 /* AppDelegate.swift in Sources */ = {isa = PBXBuildFile; fileRef = 6FA515A12240B8B900BF9AB2 /* AppDelegate.swift */; };
		6FA515A42240B8B900BF9AB2 /* ViewController.swift in Sources */ = {isa = PBXBuildFile; fileRef = 6FA515A32240B8B900BF9AB2 /* ViewController.swift */; };
		6FA515A72240B8B900BF9AB2 /* Main.storyboard in Resources */ = {isa = PBXBuildFile; fileRef = 6FA515A52240B8B900BF9AB2 /* Main.storyboard */; };
		6FA515A92240B8BB00BF9AB2 /* Assets.xcassets in Resources */ = {isa = PBXBuildFile; fileRef = 6FA515A82240B8BB00BF9AB2 /* Assets.xcassets */; };
		6FA515AC2240B8BB00BF9AB2 /* LaunchScreen.storyboard in Resources */ = {isa = PBXBuildFile; fileRef = 6FA515AA2240B8BB00BF9AB2 /* LaunchScreen.storyboard */; };
		6FA515B72240B8BB00BF9AB2 /* rouletteTests.swift in Sources */ = {isa = PBXBuildFile; fileRef = 6FA515B62240B8BB00BF9AB2 /* rouletteTests.swift */; };
		6FA515C22240B8BB00BF9AB2 /* rouletteUITests.swift in Sources */ = {isa = PBXBuildFile; fileRef = 6FA515C12240B8BB00BF9AB2 /* rouletteUITests.swift */; };
/* End PBXBuildFile section */

/* Begin PBXContainerItemProxy section */
		6FA515B32240B8BB00BF9AB2 /* PBXContainerItemProxy */ = {
			isa = PBXContainerItemProxy;
			containerPortal = 6FA515962240B8B900BF9AB2 /* Project object */;
			proxyType = 1;
			remoteGlobalIDString = 6FA5159D2240B8B900BF9AB2;
			remoteInfo = roulette;
		};
		6FA515BE2240B8BB00BF9AB2 /* PBXContainerItemProxy */ = {
			isa = PBXContainerItemProxy;
			containerPortal = 6FA515962240B8B900BF9AB2 /* Project object */;
			proxyType = 1;
			remoteGlobalIDString = 6FA5159D2240B8B900BF9AB2;
			remoteInfo = roulette;
		};
/* End PBXContainerItemProxy section */

/* Begin PBXFileReference section */
		6FA5159E2240B8B900BF9AB2 /* roulette.app */ = {isa = PBXFileReference; explicitFileType = wrapper.application; includeInIndex = 0; path = roulette.app; sourceTree = BUILT_PRODUCTS_DIR; };
		6FA515A12240B8B900BF9AB2 /* AppDelegate.swift */ = {isa = PBXFileReference; lastKnownFileType = sourcecode.swift; path = AppDelegate.swift; sourceTree = "<group>"; };
		6FA515A32240B8B900BF9AB2 /* ViewController.swift */ = {isa = PBXFileReference; lastKnownFileType = sourcecode.swift; path = ViewController.swift; sourceTree = "<group>"; };
		6FA515A62240B8B900BF9AB2 /* Base */ = {isa = PBXFileReference; lastKnownFileType = file.storyboard; name = Base; path = Base.lproj/Main.storyboard; sourceTree = "<group>"; };
		6FA515A82240B8BB00BF9AB2 /* Assets.xcassets */ = {isa = PBXFileReference; lastKnownFileType = folder.assetcatalog; path = Assets.xcassets; sourceTree = "<group>"; };
		6FA515AB2240B8BB00BF9AB2 /* Base */ = {isa = PBXFileReference; lastKnownFileType = file.storyboard; name = Base; path = Base.lproj/LaunchScreen.storyboard; sourceTree = "<group>"; };
		6FA515AD2240B8BB00BF9AB2 /* Info.plist */ = {isa = PBXFileReference; lastKnownFileType = text.plist.xml; path = Info.plist; sourceTree = "<group>"; };
		6FA515B22240B8BB00BF9AB2 /* rouletteTests.xctest */ = {isa = PBXFileReference; explicitFileType = wrapper.cfbundle; includeInIndex = 0; path = rouletteTests.xctest; sourceTree = BUILT_PRODUCTS_DIR; };
		6FA515B62240B8BB00BF9AB2 /* rouletteTests.swift */ = {isa = PBXFileReference; lastKnownFileType = sourcecode.swift; path = rouletteTests.swift; sourceTree = "<group>"; };
		6FA515B82240B8BB00BF9AB2 /* Info.plist */ = {isa = PBXFileReference; lastKnownFileType = text.plist.xml; path = Info.plist; sourceTree = "<group>"; };
		6FA515BD2240B8BB00BF9AB2 /* rouletteUITests.xctest */ = {isa = PBXFileReference; explicitFileType = wrapper.cfbundle; includeInIndex = 0; path = rouletteUITests.xctest; sourceTree = BUILT_PRODUCTS_DIR; };
		6FA515C12240B8BB00BF9AB2 /* rouletteUITests.swift */ = {isa = PBXFileReference; lastKnownFileType = sourcecode.swift; path = rouletteUITests.swift; sourceTree = "<group>"; };
		6FA515C32240B8BB00BF9AB2 /* Info.plist */ = {isa = PBXFileReference; lastKnownFileType = text.plist.xml; path = Info.plist; sourceTree = "<group>"; };
/* End PBXFileReference section */

/* Begin PBXFrameworksBuildPhase section */
		6FA5159B2240B8B900BF9AB2 /* Frameworks */ = {
			isa = PBXFrameworksBuildPhase;
			buildActionMask = 2147483647;
			files = (
			);
			runOnlyForDeploymentPostprocessing = 0;
		};
		6FA515AF2240B8BB00BF9AB2 /* Frameworks */ = {
			isa = PBXFrameworksBuildPhase;
			buildActionMask = 2147483647;
			files = (
			);
			runOnlyForDeploymentPostprocessing = 0;
		};
		6FA515BA2240B8BB00BF9AB2 /* Frameworks */ = {
			isa = PBXFrameworksBuildPhase;
			buildActionMask = 2147483647;
			files = (
			);
			runOnlyForDeploymentPostprocessing = 0;
		};
/* End PBXFrameworksBuildPhase section */

/* Begin PBXGroup section */
		6FA515952240B8B900BF9AB2 = {
			isa = PBXGroup;
			children = (
				6FA515A02240B8B900BF9AB2 /* roulette */,
				6FA515B52240B8BB00BF9AB2 /* rouletteTests */,
				6FA515C02240B8BB00BF9AB2 /* rouletteUITests */,
				6FA5159F2240B8B900BF9AB2 /* Products */,
			);
			sourceTree = "<group>";
		};
		6FA5159F2240B8B900BF9AB2 /* Products */ = {
			isa = PBXGroup;
			children = (
				6FA5159E2240B8B900BF9AB2 /* roulette.app */,
				6FA515B22240B8BB00BF9AB2 /* rouletteTests.xctest */,
				6FA515BD2240B8BB00BF9AB2 /* rouletteUITests.xctest */,
			);
			name = Products;
			sourceTree = "<group>";
		};
		6FA515A02240B8B900BF9AB2 /* roulette */ = {
			isa = PBXGroup;
			children = (
				6FA515A12240B8B900BF9AB2 /* AppDelegate.swift */,
				6FA515A32240B8B900BF9AB2 /* ViewController.swift */,
				6FA515A52240B8B900BF9AB2 /* Main.storyboard */,
				6FA515A82240B8BB00BF9AB2 /* Assets.xcassets */,
				6FA515AA2240B8BB00BF9AB2 /* LaunchScreen.storyboard */,
				6FA515AD2240B8BB00BF9AB2 /* Info.plist */,
			);
			path = roulette;
			sourceTree = "<group>";
		};
		6FA515B52240B8BB00BF9AB2 /* rouletteTests */ = {
			isa = PBXGroup;
			children = (
				6FA515B62240B8BB00BF9AB2 /* rouletteTests.swift */,
				6FA515B82240B8BB00BF9AB2 /* Info.plist */,
			);
			path = rouletteTests;
			sourceTree = "<group>";
		};
		6FA515C02240B8BB00BF9AB2 /* rouletteUITests */ = {
			isa = PBXGroup;
			children = (
				6FA515C12240B8BB00BF9AB2 /* rouletteUITests.swift */,
				6FA515C32240B8BB00BF9AB2 /* Info.plist */,
			);
			path = rouletteUITests;
			sourceTree = "<group>";
		};
/* End PBXGroup section */

/* Begin PBXNativeTarget section */
		6FA5159D2240B8B900BF9AB2 /* roulette */ = {
			isa = PBXNativeTarget;
			buildConfigurationList = 6FA515C62240B8BB00BF9AB2 /* Build configuration list for PBXNativeTarget "roulette" */;
			buildPhases = (
				6FA5159A2240B8B900BF9AB2 /* Sources */,
				6FA5159B2240B8B900BF9AB2 /* Frameworks */,
				6FA5159C2240B8B900BF9AB2 /* Resources */,
			);
			buildRules = (
			);
			dependencies = (
			);
			name = roulette;
			productName = roulette;
			productReference = 6FA5159E2240B8B900BF9AB2 /* roulette.app */;
			productType = "com.apple.product-type.application";
		};
		6FA515B12240B8BB00BF9AB2 /* rouletteTests */ = {
			isa = PBXNativeTarget;
			buildConfigurationList = 6FA515C92240B8BB00BF9AB2 /* Build configuration list for PBXNativeTarget "rouletteTests" */;
			buildPhases = (
				6FA515AE2240B8BB00BF9AB2 /* Sources */,
				6FA515AF2240B8BB00BF9AB2 /* Frameworks */,
				6FA515B02240B8BB00BF9AB2 /* Resources */,
			);
			buildRules = (
			);
			dependencies = (
				6FA515B42240B8BB00BF9AB2 /* PBXTargetDependency */,
			);
			name = rouletteTests;
			productName = rouletteTests;
			productReference = 6FA515B22240B8BB00BF9AB2 /* rouletteTests.xctest */;
			productType = "com.apple.product-type.bundle.unit-test";
		};
		6FA515BC2240B8BB00BF9AB2 /* rouletteUITests */ = {
			isa = PBXNativeTarget;
			buildConfigurationList = 6FA515CC2240B8BB00BF9AB2 /* Build configuration list for PBXNativeTarget "rouletteUITests" */;
			buildPhases = (
				6FA515B92240B8BB00BF9AB2 /* Sources */,
				6FA515BA2240B8BB00BF9AB2 /* Frameworks */,
				6FA515BB2240B8BB00BF9AB2 /* Resources */,
			);
			buildRules = (
			);
			dependencies = (
				6FA515BF2240B8BB00BF9AB2 /* PBXTargetDependency */,
			);
			name = rouletteUITests;
			productName = rouletteUITests;
			productReference = 6FA515BD2240B8BB00BF9AB2 /* rouletteUITests.xctest */;
			productType = "com.apple.product-type.bundle.ui-testing";
		};
/* End PBXNativeTarget section */

/* Begin PBXProject section */
		6FA515962240B8B900BF9AB2 /* Project object */ = {
			isa = PBXProject;
			attributes = {
				LastSwiftUpdateCheck = 1010;
				LastUpgradeCheck = 1010;
				ORGANIZATIONNAME = "小田竜太郎";
				TargetAttributes = {
					6FA5159D2240B8B900BF9AB2 = {
						CreatedOnToolsVersion = 10.1;
					};
					6FA515B12240B8BB00BF9AB2 = {
						CreatedOnToolsVersion = 10.1;
						TestTargetID = 6FA5159D2240B8B900BF9AB2;
					};
					6FA515BC2240B8BB00BF9AB2 = {
						CreatedOnToolsVersion = 10.1;
						TestTargetID = 6FA5159D2240B8B900BF9AB2;
					};
				};
			};
			buildConfigurationList = 6FA515992240B8B900BF9AB2 /* Build configuration list for PBXProject "roulette" */;
			compatibilityVersion = "Xcode 9.3";
			developmentRegion = en;
			hasScannedForEncodings = 0;
			knownRegions = (
				en,
				Base,
			);
			mainGroup = 6FA515952240B8B900BF9AB2;
			productRefGroup = 6FA5159F2240B8B900BF9AB2 /* Products */;
			projectDirPath = "";
			projectRoot = "";
			targets = (
				6FA5159D2240B8B900BF9AB2 /* roulette */,
				6FA515B12240B8BB00BF9AB2 /* rouletteTests */,
				6FA515BC2240B8BB00BF9AB2 /* rouletteUITests */,
			);
		};
/* End PBXProject section */

/* Begin PBXResourcesBuildPhase section */
		6FA5159C2240B8B900BF9AB2 /* Resources */ = {
			isa = PBXResourcesBuildPhase;
			buildActionMask = 2147483647;
			files = (
				6FA515AC2240B8BB00BF9AB2 /* LaunchScreen.storyboard in Resources */,
				6FA515A92240B8BB00BF9AB2 /* Assets.xcassets in Resources */,
				6FA515A72240B8B900BF9AB2 /* Main.storyboard in Resources */,
			);
			runOnlyForDeploymentPostprocessing = 0;
		};
		6FA515B02240B8BB00BF9AB2 /* Resources */ = {
			isa = PBXResourcesBuildPhase;
			buildActionMask = 2147483647;
			files = (
			);
			runOnlyForDeploymentPostprocessing = 0;
		};
		6FA515BB2240B8BB00BF9AB2 /* Resources */ = {
			isa = PBXResourcesBuildPhase;
			buildActionMask = 2147483647;
			files = (
			);
			runOnlyForDeploymentPostprocessing = 0;
		};
/* End PBXResourcesBuildPhase section */

/* Begin PBXSourcesBuildPhase section */
		6FA5159A2240B8B900BF9AB2 /* Sources */ = {
			isa = PBXSourcesBuildPhase;
			buildActionMask = 2147483647;
			files = (
				6FA515A42240B8B900BF9AB2 /* ViewController.swift in Sources */,
				6FA515A22240B8B900BF9AB2 /* AppDelegate.swift in Sources */,
			);
			runOnlyForDeploymentPostprocessing = 0;
		};
		6FA515AE2240B8BB00BF9AB2 /* Sources */ = {
			isa = PBXSourcesBuildPhase;
			buildActionMask = 2147483647;
			files = (
				6FA515B72240B8BB00BF9AB2 /* rouletteTests.swift in Sources */,
			);
			runOnlyForDeploymentPostprocessing = 0;
		};
		6FA515B92240B8BB00BF9AB2 /* Sources */ = {
			isa = PBXSourcesBuildPhase;
			buildActionMask = 2147483647;
			files = (
				6FA515C22240B8BB00BF9AB2 /* rouletteUITests.swift in Sources */,
			);
			runOnlyForDeploymentPostprocessing = 0;
		};
/* End PBXSourcesBuildPhase section */

/* Begin PBXTargetDependency section */
		6FA515B42240B8BB00BF9AB2 /* PBXTargetDependency */ = {
			isa = PBXTargetDependency;
			target = 6FA5159D2240B8B900BF9AB2 /* roulette */;
			targetProxy = 6FA515B32240B8BB00BF9AB2 /* PBXContainerItemProxy */;
		};
		6FA515BF2240B8BB00BF9AB2 /* PBXTargetDependency */ = {
			isa = PBXTargetDependency;
			target = 6FA5159D2240B8B900BF9AB2 /* roulette */;
			targetProxy = 6FA515BE2240B8BB00BF9AB2 /* PBXContainerItemProxy */;
		};
/* End PBXTargetDependency section */

/* Begin PBXVariantGroup section */
		6FA515A52240B8B900BF9AB2 /* Main.storyboard */ = {
			isa = PBXVariantGroup;
			children = (
				6FA515A62240B8B900BF9AB2 /* Base */,
			);
			name = Main.storyboard;
			sourceTree = "<group>";
		};
		6FA515AA2240B8BB00BF9AB2 /* LaunchScreen.storyboard */ = {
			isa = PBXVariantGroup;
			children = (
				6FA515AB2240B8BB00BF9AB2 /* Base */,
			);
			name = LaunchScreen.storyboard;
			sourceTree = "<group>";
		};
/* End PBXVariantGroup section */

/* Begin XCBuildConfiguration section */
		6FA515C42240B8BB00BF9AB2 /* Debug */ = {
			isa = XCBuildConfiguration;
			buildSettings = {
				ALWAYS_SEARCH_USER_PATHS = NO;
				CLANG_ANALYZER_NONNULL = YES;
				CLANG_ANALYZER_NUMBER_OBJECT_CONVERSION = YES_AGGRESSIVE;
				CLANG_CXX_LANGUAGE_STANDARD = "gnu++14";
				CLANG_CXX_LIBRARY = "libc++";
				CLANG_ENABLE_MODULES = YES;
				CLANG_ENABLE_OBJC_ARC = YES;
				CLANG_ENABLE_OBJC_WEAK = YES;
				CLANG_WARN_BLOCK_CAPTURE_AUTORELEASING = YES;
				CLANG_WARN_BOOL_CONVERSION = YES;
				CLANG_WARN_COMMA = YES;
				CLANG_WARN_CONSTANT_CONVERSION = YES;
				CLANG_WARN_DEPRECATED_OBJC_IMPLEMENTATIONS = YES;
				CLANG_WARN_DIRECT_OBJC_ISA_USAGE = YES_ERROR;
				CLANG_WARN_DOCUMENTATION_COMMENTS = YES;
				CLANG_WARN_EMPTY_BODY = YES;
				CLANG_WARN_ENUM_CONVERSION = YES;
				CLANG_WARN_INFINITE_RECURSION = YES;
				CLANG_WARN_INT_CONVERSION = YES;
				CLANG_WARN_NON_LITERAL_NULL_CONVERSION = YES;
				CLANG_WARN_OBJC_IMPLICIT_RETAIN_SELF = YES;
				CLANG_WARN_OBJC_LITERAL_CONVERSION = YES;
				CLANG_WARN_OBJC_ROOT_CLASS = YES_ERROR;
				CLANG_WARN_RANGE_LOOP_ANALYSIS = YES;
				CLANG_WARN_STRICT_PROTOTYPES = YES;
				CLANG_WARN_SUSPICIOUS_MOVE = YES;
				CLANG_WARN_UNGUARDED_AVAILABILITY = YES_AGGRESSIVE;
				CLANG_WARN_UNREACHABLE_CODE = YES;
				CLANG_WARN__DUPLICATE_METHOD_MATCH = YES;
				CODE_SIGN_IDENTITY = "iPhone Developer";
				COPY_PHASE_STRIP = NO;
				DEBUG_INFORMATION_FORMAT = dwarf;
				ENABLE_STRICT_OBJC_MSGSEND = YES;
				ENABLE_TESTABILITY = YES;
				GCC_C_LANGUAGE_STANDARD = gnu11;
				GCC_DYNAMIC_NO_PIC = NO;
				GCC_NO_COMMON_BLOCKS = YES;
				GCC_OPTIMIZATION_LEVEL = 0;
				GCC_PREPROCESSOR_DEFINITIONS = (
					"DEBUG=1",
					"$(inherited)",
				);
				GCC_WARN_64_TO_32_BIT_CONVERSION = YES;
				GCC_WARN_ABOUT_RETURN_TYPE = YES_ERROR;
				GCC_WARN_UNDECLARED_SELECTOR = YES;
				GCC_WARN_UNINITIALIZED_AUTOS = YES_AGGRESSIVE;
				GCC_WARN_UNUSED_FUNCTION = YES;
				GCC_WARN_UNUSED_VARIABLE = YES;
				IPHONEOS_DEPLOYMENT_TARGET = 12.1;
				MTL_ENABLE_DEBUG_INFO = INCLUDE_SOURCE;
				MTL_FAST_MATH = YES;
				ONLY_ACTIVE_ARCH = YES;
				SDKROOT = iphoneos;
				SWIFT_ACTIVE_COMPILATION_CONDITIONS = DEBUG;
				SWIFT_OPTIMIZATION_LEVEL = "-Onone";
			};
			name = Debug;
		};
		6FA515C52240B8BB00BF9AB2 /* Release */ = {
			isa = XCBuildConfiguration;
			buildSettings = {
				ALWAYS_SEARCH_USER_PATHS = NO;
				CLANG_ANALYZER_NONNULL = YES;
				CLANG_ANALYZER_NUMBER_OBJECT_CONVERSION = YES_AGGRESSIVE;
				CLANG_CXX_LANGUAGE_STANDARD = "gnu++14";
				CLANG_CXX_LIBRARY = "libc++";
				CLANG_ENABLE_MODULES = YES;
				CLANG_ENABLE_OBJC_ARC = YES;
				CLANG_ENABLE_OBJC_WEAK = YES;
				CLANG_WARN_BLOCK_CAPTURE_AUTORELEASING = YES;
				CLANG_WARN_BOOL_CONVERSION = YES;
				CLANG_WARN_COMMA = YES;
				CLANG_WARN_CONSTANT_CONVERSION = YES;
				CLANG_WARN_DEPRECATED_OBJC_IMPLEMENTATIONS = YES;
				CLANG_WARN_DIRECT_OBJC_ISA_USAGE = YES_ERROR;
				CLANG_WARN_DOCUMENTATION_COMMENTS = YES;
				CLANG_WARN_EMPTY_BODY = YES;
				CLANG_WARN_ENUM_CONVERSION = YES;
				CLANG_WARN_INFINITE_RECURSION = YES;
				CLANG_WARN_INT_CONVERSION = YES;
				CLANG_WARN_NON_LITERAL_NULL_CONVERSION = YES;
				CLANG_WARN_OBJC_IMPLICIT_RETAIN_SELF = YES;
				CLANG_WARN_OBJC_LITERAL_CONVERSION = YES;
				CLANG_WARN_OBJC_ROOT_CLASS = YES_ERROR;
				CLANG_WARN_RANGE_LOOP_ANALYSIS = YES;
				CLANG_WARN_STRICT_PROTOTYPES = YES;
				CLANG_WARN_SUSPICIOUS_MOVE = YES;
				CLANG_WARN_UNGUARDED_AVAILABILITY = YES_AGGRESSIVE;
				CLANG_WARN_UNREACHABLE_CODE = YES;
				CLANG_WARN__DUPLICATE_METHOD_MATCH = YES;
				CODE_SIGN_IDENTITY = "iPhone Developer";
				COPY_PHASE_STRIP = NO;
				DEBUG_INFORMATION_FORMAT = "dwarf-with-dsym";
				ENABLE_NS_ASSERTIONS = NO;
				ENABLE_STRICT_OBJC_MSGSEND = YES;
				GCC_C_LANGUAGE_STANDARD = gnu11;
				GCC_NO_COMMON_BLOCKS = YES;
				GCC_WARN_64_TO_32_BIT_CONVERSION = YES;
				GCC_WARN_ABOUT_RETURN_TYPE = YES_ERROR;
				GCC_WARN_UNDECLARED_SELECTOR = YES;
				GCC_WARN_UNINITIALIZED_AUTOS = YES_AGGRESSIVE;
				GCC_WARN_UNUSED_FUNCTION = YES;
				GCC_WARN_UNUSED_VARIABLE = YES;
				IPHONEOS_DEPLOYMENT_TARGET = 12.1;
				MTL_ENABLE_DEBUG_INFO = NO;
				MTL_FAST_MATH = YES;
				SDKROOT = iphoneos;
				SWIFT_COMPILATION_MODE = wholemodule;
				SWIFT_OPTIMIZATION_LEVEL = "-O";
				VALIDATE_PRODUCT = YES;
			};
			name = Release;
		};
		6FA515C72240B8BB00BF9AB2 /* Debug */ = {
			isa = XCBuildConfiguration;
			buildSettings = {
				ASSETCATALOG_COMPILER_APPICON_NAME = AppIcon;
				CODE_SIGN_STYLE = Automatic;
				DEVELOPMENT_TEAM = CUN69VX3S8;
				INFOPLIST_FILE = roulette/Info.plist;
				LD_RUNPATH_SEARCH_PATHS = (
					"$(inherited)",
					"@executable_path/Frameworks",
				);
				PRODUCT_BUNDLE_IDENTIFIER = company.roulette;
				PRODUCT_NAME = "$(TARGET_NAME)";
				SWIFT_VERSION = 4.2;
				TARGETED_DEVICE_FAMILY = "1,2";
			};
			name = Debug;
		};
		6FA515C82240B8BB00BF9AB2 /* Release */ = {
			isa = XCBuildConfiguration;
			buildSettings = {
				ASSETCATALOG_COMPILER_APPICON_NAME = AppIcon;
				CODE_SIGN_STYLE = Automatic;
				DEVELOPMENT_TEAM = CUN69VX3S8;
				INFOPLIST_FILE = roulette/Info.plist;
				LD_RUNPATH_SEARCH_PATHS = (
					"$(inherited)",
					"@executable_path/Frameworks",
				);
				PRODUCT_BUNDLE_IDENTIFIER = company.roulette;
				PRODUCT_NAME = "$(TARGET_NAME)";
				SWIFT_VERSION = 4.2;
				TARGETED_DEVICE_FAMILY = "1,2";
			};
			name = Release;
		};
		6FA515CA2240B8BB00BF9AB2 /* Debug */ = {
			isa = XCBuildConfiguration;
			buildSettings = {
				ALWAYS_EMBED_SWIFT_STANDARD_LIBRARIES = YES;
				BUNDLE_LOADER = "$(TEST_HOST)";
				CODE_SIGN_STYLE = Automatic;
				DEVELOPMENT_TEAM = CUN69VX3S8;
				INFOPLIST_FILE = rouletteTests/Info.plist;
				LD_RUNPATH_SEARCH_PATHS = (
					"$(inherited)",
					"@executable_path/Frameworks",
					"@loader_path/Frameworks",
				);
				PRODUCT_BUNDLE_IDENTIFIER = company.rouletteTests;
				PRODUCT_NAME = "$(TARGET_NAME)";
				SWIFT_VERSION = 4.2;
				TARGETED_DEVICE_FAMILY = "1,2";
				TEST_HOST = "$(BUILT_PRODUCTS_DIR)/roulette.app/roulette";
			};
			name = Debug;
		};
		6FA515CB2240B8BB00BF9AB2 /* Release */ = {
			isa = XCBuildConfiguration;
			buildSettings = {
				ALWAYS_EMBED_SWIFT_STANDARD_LIBRARIES = YES;
				BUNDLE_LOADER = "$(TEST_HOST)";
				CODE_SIGN_STYLE = Automatic;
				DEVELOPMENT_TEAM = CUN69VX3S8;
				INFOPLIST_FILE = rouletteTests/Info.plist;
				LD_RUNPATH_SEARCH_PATHS = (
					"$(inherited)",
					"@executable_path/Frameworks",
					"@loader_path/Frameworks",
				);
				PRODUCT_BUNDLE_IDENTIFIER = company.rouletteTests;
				PRODUCT_NAME = "$(TARGET_NAME)";
				SWIFT_VERSION = 4.2;
				TARGETED_DEVICE_FAMILY = "1,2";
				TEST_HOST = "$(BUILT_PRODUCTS_DIR)/roulette.app/roulette";
			};
			name = Release;
		};
		6FA515CD2240B8BB00BF9AB2 /* Debug */ = {
			isa = XCBuildConfiguration;
			buildSettings = {
				ALWAYS_EMBED_SWIFT_STANDARD_LIBRARIES = YES;
				CODE_SIGN_STYLE = Automatic;
				DEVELOPMENT_TEAM = CUN69VX3S8;
				INFOPLIST_FILE = rouletteUITests/Info.plist;
				LD_RUNPATH_SEARCH_PATHS = (
					"$(inherited)",
					"@executable_path/Frameworks",
					"@loader_path/Frameworks",
				);
				PRODUCT_BUNDLE_IDENTIFIER = company.rouletteUITests;
				PRODUCT_NAME = "$(TARGET_NAME)";
				SWIFT_VERSION = 4.2;
				TARGETED_DEVICE_FAMILY = "1,2";
				TEST_TARGET_NAME = roulette;
			};
			name = Debug;
		};
		6FA515CE2240B8BB00BF9AB2 /* Release */ = {
			isa = XCBuildConfiguration;
			buildSettings = {
				ALWAYS_EMBED_SWIFT_STANDARD_LIBRARIES = YES;
				CODE_SIGN_STYLE = Automatic;
				DEVELOPMENT_TEAM = CUN69VX3S8;
				INFOPLIST_FILE = rouletteUITests/Info.plist;
				LD_RUNPATH_SEARCH_PATHS = (
					"$(inherited)",
					"@executable_path/Frameworks",
					"@loader_path/Frameworks",
				);
				PRODUCT_BUNDLE_IDENTIFIER = company.rouletteUITests;
				PRODUCT_NAME = "$(TARGET_NAME)";
				SWIFT_VERSION = 4.2;
				TARGETED_DEVICE_FAMILY = "1,2";
				TEST_TARGET_NAME = roulette;
			};
			name = Release;
		};
/* End XCBuildConfiguration section */

/* Begin XCConfigurationList section */
		6FA515992240B8B900BF9AB2 /* Build configuration list for PBXProject "roulette" */ = {
			isa = XCConfigurationList;
			buildConfigurations = (
				6FA515C42240B8BB00BF9AB2 /* Debug */,
				6FA515C52240B8BB00BF9AB2 /* Release */,
			);
			defaultConfigurationIsVisible = 0;
			defaultConfigurationName = Release;
		};
		6FA515C62240B8BB00BF9AB2 /* Build configuration list for PBXNativeTarget "roulette" */ = {
			isa = XCConfigurationList;
			buildConfigurations = (
				6FA515C72240B8BB00BF9AB2 /* Debug */,
				6FA515C82240B8BB00BF9AB2 /* Release */,
			);
			defaultConfigurationIsVisible = 0;
			defaultConfigurationName = Release;
		};
		6FA515C92240B8BB00BF9AB2 /* Build configuration list for PBXNativeTarget "rouletteTests" */ = {
			isa = XCConfigurationList;
			buildConfigurations = (
				6FA515CA2240B8BB00BF9AB2 /* Debug */,
				6FA515CB2240B8BB00BF9AB2 /* Release */,
			);
			defaultConfigurationIsVisible = 0;
			defaultConfigurationName = Release;
		};
		6FA515CC2240B8BB00BF9AB2 /* Build configuration list for PBXNativeTarget "rouletteUITests" */ = {
			isa = XCConfigurationList;
			buildConfigurations = (
				6FA515CD2240B8BB00BF9AB2 /* Debug */,
				6FA515CE2240B8BB00BF9AB2 /* Release */,
			);
			defaultConfigurationIsVisible = 0;
			defaultConfigurationName = Release;
		};
/* End XCConfigurationList section */
	};
	rootObject = 6FA515962240B8B900BF9AB2 /* Project object */;
}
